
Microsoft Visual Studio Solution File, Format Version 12.00
# Visual Studio Version 17
VisualStudioVersion = 17.0.31903.59
MinimumVisualStudioVersion = 10.0.40219.1
Project("{FAE04EC0-301F-11D3-BF4B-00C04F79EFBC}") = "API", "API\API.csproj", "{19A3A992-BBBE-457F-B906-089EA243C820}"
EndProject
Project("{FAE04EC0-301F-11D3-BF4B-00C04F79EFBC}") = "Core", "Core\Core.csproj", "{EA71290F-07D1-486B-8BE3-9581501CC15E}"
EndProject
Project("{FAE04EC0-301F-11D3-BF4B-00C04F79EFBC}") = "Infrastructure", "Infrastructure\Infrastructure.csproj", "{4042D840-5A90-4B54-B38A-139DF936AE05}"
EndProject
Global
	GlobalSection(SolutionConfigurationPlatforms) = preSolution
		Debug|Any CPU = Debug|Any CPU
		Release|Any CPU = Release|Any CPU
	EndGlobalSection
	GlobalSection(SolutionProperties) = preSolution
		HideSolutionNode = FALSE
	EndGlobalSection
	GlobalSection(ProjectConfigurationPlatforms) = postSolution
		{19A3A992-BBBE-457F-B906-089EA243C820}.Debug|Any CPU.ActiveCfg = Debug|Any CPU
		{19A3A992-BBBE-457F-B906-089EA243C820}.Debug|Any CPU.Build.0 = Debug|Any CPU
		{19A3A992-BBBE-457F-B906-089EA243C820}.Release|Any CPU.ActiveCfg = Release|Any CPU
		{19A3A992-BBBE-457F-B906-089EA243C820}.Release|Any CPU.Build.0 = Release|Any CPU
		{EA71290F-07D1-486B-8BE3-9581501CC15E}.Debug|Any CPU.ActiveCfg = Debug|Any CPU
		{EA71290F-07D1-486B-8BE3-9581501CC15E}.Debug|Any CPU.Build.0 = Debug|Any CPU
		{EA71290F-07D1-486B-8BE3-9581501CC15E}.Release|Any CPU.ActiveCfg = Release|Any CPU
		{EA71290F-07D1-486B-8BE3-9581501CC15E}.Release|Any CPU.Build.0 = Release|Any CPU
		{4042D840-5A90-4B54-B38A-139DF936AE05}.Debug|Any CPU.ActiveCfg = Debug|Any CPU
		{4042D840-5A90-4B54-B38A-139DF936AE05}.Debug|Any CPU.Build.0 = Debug|Any CPU
		{4042D840-5A90-4B54-B38A-139DF936AE05}.Release|Any CPU.ActiveCfg = Release|Any CPU
		{4042D840-5A90-4B54-B38A-139DF936AE05}.Release|Any CPU.Build.0 = Release|Any CPU
	EndGlobalSection
EndGlobal
